<?xml version="1.0" encoding="utf-8"?>
<Project ToolsVersion="Current" xmlns="http://schemas.microsoft.com/developer/msbuild/2003">
  <ItemGroup>
    <Filter Include="Source Files">
      <UniqueIdentifier>{4FC737F1-C7A5-4376-A066-2A32D752A2FF}</UniqueIdentifier>
      <Extensions>c;cpp</Extensions>
    </Filter>
    <Filter Include="Header Files">
      <UniqueIdentifier>{93995380-89BD-4b04-88EB-625FBE52EBFB}</UniqueIdentifier>
      <Extensions>h;hpp</Extensions>
    </Filter>
    <Filter Include="Assembly Files">
      <UniqueIdentifier>{67DA6AB6-F800-4c08-8B7A-83BB121AAD01}</UniqueIdentifier>
      <Extensions>asm</Extensions>
    </Filter>
  </ItemGroup>

  <ItemGroup>
    <ClCompile Include="src\driver.c">
      <Filter>Source Files</Filter>
    </ClCompile>
    <ClCompile Include="src\attachment.c">
      <Filter>Source Files</Filter>
    </ClCompile>
    <ClCompile Include="src\vmx.c">
      <Filter>Source Files</Filter>
    </ClCompile>
    <ClCompile Include="src\vmexit.c">
      <Filter>Source Files</Filter>
    </ClCompile>
    <ClCompile Include="src\ept.c">
      <Filter>Source Files</Filter>
    </ClCompile>
    <ClCompile Include="src\events.c">
      <Filter>Source Files</Filter>
    </ClCompile>
    <ClCompile Include="src\broadcast.c">
      <Filter>Source Files</Filter>
    </ClCompile>
    <ClCompile Include="src\globals.c">
      <Filter>Source Files</Filter>
    </ClCompile>
    <ClCompile Include="src\util.c">
      <Filter>Source Files</Filter>
    </ClCompile>
    <ClCompile Include="src\conceal.c">
      <Filter>Source Files</Filter>
    </ClCompile>
    <ClCompile Include="src\tracewipe.c">
      <Filter>Source Files</Filter>
    </ClCompile>
    <ClCompile Include="src\root_transport.c">
      <Filter>Source Files</Filter>
    </ClCompile>


  </ItemGroup>

  <ItemGroup>
    <ClInclude Include="include\hv.h">
      <Filter>Header Files</Filter>
    </ClInclude>
    <ClInclude Include="include\ia32.h">
      <Filter>Header Files</Filter>
    </ClInclude>
    <ClInclude Include="include\hv_types.h">
      <Filter>Header Files</Filter>
    </ClInclude>
    <ClInclude Include="include\asm_prototypes.h">
      <Filter>Header Files</Filter>
    </ClInclude>
    <ClInclude Include="include\hv_attachment.h">
      <Filter>Header Files</Filter>
    </ClInclude>
  </ItemGroup>

  <ItemGroup>
    <MASM Include="asm\AsmSegmentRegs.asm">
      <Filter>Assembly Files</Filter>
    </MASM>
    <MASM Include="asm\AsmCommon.asm">
      <Filter>Assembly Files</Filter>
    </MASM>
    <MASM Include="asm\AsmVmxOperation.asm">
      <Filter>Assembly Files</Filter>
    </MASM>
    <MASM Include="asm\AsmVmxContext.asm">
      <Filter>Assembly Files</Filter>
    </MASM>
    <MASM Include="asm\AsmVmexitHandler.asm">
      <Filter>Assembly Files</Filter>
    </MASM>
    <MASM Include="asm\AsmVmxIntrinsics.asm">
      <Filter>Assembly Files</Filter>
    </MASM>
  </ItemGroup>
</Project>
